
Microsoft Visual Studio Solution File, Format Version 12.00
# Visual Studio 15
VisualStudioVersion = 15.0.28307.1340
MinimumVisualStudioVersion = 10.0.40219.1
Project("{FAE04EC0-301F-11D3-BF4B-00C04F79EFBC}") = "Proje", "Proje\Proje.csproj", "{B4E7E319-5D20-4821-A4DA-833B345A4888}"
EndProject
Global
	GlobalSection(SolutionConfigurationPlatforms) = preSolution
		Debug|Any CPU = Debug|Any CPU
		Release|Any CPU = Release|Any CPU
	EndGlobalSection
	GlobalSection(ProjectConfigurationPlatforms) = postSolution
		{B4E7E319-5D20-4821-A4DA-833B345A4888}.Debug|Any CPU.ActiveCfg = Debug|Any CPU
		{B4E7E319-5D20-4821-A4DA-833B345A4888}.Debug|Any CPU.Build.0 = Debug|Any CPU
		{B4E7E319-5D20-4821-A4DA-833B345A4888}.Release|Any CPU.ActiveCfg = Release|Any CPU
		{B4E7E319-5D20-4821-A4DA-833B345A4888}.Release|Any CPU.Build.0 = Release|Any CPU
	EndGlobalSection
	GlobalSection(SolutionProperties) = preSolution
		HideSolutionNode = FALSE
	EndGlobalSection
	GlobalSection(ExtensibilityGlobals) = postSolution
		SolutionGuid = {2FE820B7-62E0-4C63-8BD5-5B1DB061C858}
	EndGlobalSection
EndGlobal
